{
  "name": "armstrongnumber",
  "version": "1.0.0",
  "lockfileVersion": 2,
  "requires": true,
  "packages": {
    "": {
      "name": "armstrongnumber",
      "version": "1.0.0",
      "license": "ISC",
      "dependencies": {
        "armstrongnumber": "^1.0.1",
        "process": "^0.11.10"
      }
    },
    "node_modules/armstrongnumber": {
      "version": "1.0.1",
      "resolved": "https://registry.npmjs.org/armstrongnumber/-/armstrongnumber-1.0.1.tgz",
      "integrity": "sha512-L7PmxegP3O38QDPCTSkLPcOtWIrwNdyJNahtMYOyYQ5Q2ACA4AsP4EVUyYrdpL0EnY2qgEkR5cB9ZxrHC1q2NQ=="
    },
    "node_modules/process": {
      "version": "0.11.10",
      "resolved": "https://registry.npmjs.org/process/-/process-0.11.10.tgz",
      "integrity": "sha1-czIwDoQBYb2j5podHZGn1LwW8YI=",
      "engines": {
        "node": ">= 0.6.0"
      }
    }
  },
  "dependencies": {
    "armstrongnumber": {
      "version": "1.0.1",
      "resolved": "https://registry.npmjs.org/armstrongnumber/-/armstrongnumber-1.0.1.tgz",
      "integrity": "sha512-L7PmxegP3O38QDPCTSkLPcOtWIrwNdyJNahtMYOyYQ5Q2ACA4AsP4EVUyYrdpL0EnY2qgEkR5cB9ZxrHC1q2NQ=="
    },
    "process": {
      "version": "0.11.10",
      "resolved": "https://registry.npmjs.org/process/-/process-0.11.10.tgz",
      "integrity": "sha1-czIwDoQBYb2j5podHZGn1LwW8YI="
    }
  }
}
